// !$*UTF8*$!
{
	archiveVersion = 1;
	classes = {
	};
	objectVersion = 50;
	objects = {

/* Begin PBXBuildFile section */
		598687EB234FBA07004BE004 /* AppDelegate.swift in Sources */ = {isa = PBXBuildFile; fileRef = 598687EA234FBA07004BE004 /* AppDelegate.swift */; };
		598687ED234FBA07004BE004 /* SceneDelegate.swift in Sources */ = {isa = PBXBuildFile; fileRef = 598687EC234FBA07004BE004 /* SceneDelegate.swift */; };
		598687EF234FBA07004BE004 /* ViewController.swift in Sources */ = {isa = PBXBuildFile; fileRef = 598687EE234FBA07004BE004 /* ViewController.swift */; };
		598687F2234FBA07004BE004 /* Main.storyboard in Resources */ = {isa = PBXBuildFile; fileRef = 598687F0234FBA07004BE004 /* Main.storyboard */; };
		598687F5234FBA07004BE004 /* ColorPickerApp.xcdatamodeld in Sources */ = {isa = PBXBuildFile; fileRef = 598687F3234FBA07004BE004 /* ColorPickerApp.xcdatamodeld */; };
		598687F7234FBA09004BE004 /* Assets.xcassets in Resources */ = {isa = PBXBuildFile; fileRef = 598687F6234FBA09004BE004 /* Assets.xcassets */; };
		598687FA234FBA09004BE004 /* LaunchScreen.storyboard in Resources */ = {isa = PBXBuildFile; fileRef = 598687F8234FBA09004BE004 /* LaunchScreen.storyboard */; };
		59868805234FBA09004BE004 /* ColorPickerAppTests.swift in Sources */ = {isa = PBXBuildFile; fileRef = 59868804234FBA09004BE004 /* ColorPickerAppTests.swift */; };
		59868810234FBA09004BE004 /* ColorPickerAppUITests.swift in Sources */ = {isa = PBXBuildFile; fileRef = 5986880F234FBA09004BE004 /* ColorPickerAppUITests.swift */; };
/* End PBXBuildFile section */

/* Begin PBXContainerItemProxy section */
		59868801234FBA09004BE004 /* PBXContainerItemProxy */ = {
			isa = PBXContainerItemProxy;
			containerPortal = 598687DF234FBA07004BE004 /* Project object */;
			proxyType = 1;
			remoteGlobalIDString = 598687E6234FBA07004BE004;
			remoteInfo = ColorPickerApp;
		};
		5986880C234FBA09004BE004 /* PBXContainerItemProxy */ = {
			isa = PBXContainerItemProxy;
			containerPortal = 598687DF234FBA07004BE004 /* Project object */;
			proxyType = 1;
			remoteGlobalIDString = 598687E6234FBA07004BE004;
			remoteInfo = ColorPickerApp;
		};
/* End PBXContainerItemProxy section */

/* Begin PBXFileReference section */
		598687E7234FBA07004BE004 /* ColorPickerApp.app */ = {isa = PBXFileReference; explicitFileType = wrapper.application; includeInIndex = 0; path = ColorPickerApp.app; sourceTree = BUILT_PRODUCTS_DIR; };
		598687EA234FBA07004BE004 /* AppDelegate.swift */ = {isa = PBXFileReference; lastKnownFileType = sourcecode.swift; path = AppDelegate.swift; sourceTree = "<group>"; };
		598687EC234FBA07004BE004 /* SceneDelegate.swift */ = {isa = PBXFileReference; lastKnownFileType = sourcecode.swift; path = SceneDelegate.swift; sourceTree = "<group>"; };
		598687EE234FBA07004BE004 /* ViewController.swift */ = {isa = PBXFileReference; lastKnownFileType = sourcecode.swift; path = ViewController.swift; sourceTree = "<group>"; };
		598687F1234FBA07004BE004 /* Base */ = {isa = PBXFileReference; lastKnownFileType = file.storyboard; name = Base; path = Base.lproj/Main.storyboard; sourceTree = "<group>"; };
		598687F4234FBA07004BE004 /* ColorPickerApp.xcdatamodel */ = {isa = PBXFileReference; lastKnownFileType = wrapper.xcdatamodel; path = ColorPickerApp.xcdatamodel; sourceTree = "<group>"; };
		598687F6234FBA09004BE004 /* Assets.xcassets */ = {isa = PBXFileReference; lastKnownFileType = folder.assetcatalog; path = Assets.xcassets; sourceTree = "<group>"; };
		598687F9234FBA09004BE004 /* Base */ = {isa = PBXFileReference; lastKnownFileType = file.storyboard; name = Base; path = Base.lproj/LaunchScreen.storyboard; sourceTree = "<group>"; };
		598687FB234FBA09004BE004 /* Info.plist */ = {isa = PBXFileReference; lastKnownFileType = text.plist.xml; path = Info.plist; sourceTree = "<group>"; };
		59868800234FBA09004BE004 /* ColorPickerAppTests.xctest */ = {isa = PBXFileReference; explicitFileType = wrapper.cfbundle; includeInIndex = 0; path = ColorPickerAppTests.xctest; sourceTree = BUILT_PRODUCTS_DIR; };
		59868804234FBA09004BE004 /* ColorPickerAppTests.swift */ = {isa = PBXFileReference; lastKnownFileType = sourcecode.swift; path = ColorPickerAppTests.swift; sourceTree = "<group>"; };
		59868806234FBA09004BE004 /* Info.plist */ = {isa = PBXFileReference; lastKnownFileType = text.plist.xml; path = Info.plist; sourceTree = "<group>"; };
		5986880B234FBA09004BE004 /* ColorPickerAppUITests.xctest */ = {isa = PBXFileReference; explicitFileType = wrapper.cfbundle; includeInIndex = 0; path = ColorPickerAppUITests.xctest; sourceTree = BUILT_PRODUCTS_DIR; };
		5986880F234FBA09004BE004 /* ColorPickerAppUITests.swift */ = {isa = PBXFileReference; lastKnownFileType = sourcecode.swift; path = ColorPickerAppUITests.swift; sourceTree = "<group>"; };
		59868811234FBA09004BE004 /* Info.plist */ = {isa = PBXFileReference; lastKnownFileType = text.plist.xml; path = Info.plist; sourceTree = "<group>"; };
/* End PBXFileReference section */

/* Begin PBXFrameworksBuildPhase section */
		598687E4234FBA07004BE004 /* Frameworks */ = {
			isa = PBXFrameworksBuildPhase;
			buildActionMask = 2147483647;
			files = (
			);
			runOnlyForDeploymentPostprocessing = 0;
		};
		598687FD234FBA09004BE004 /* Frameworks */ = {
			isa = PBXFrameworksBuildPhase;
			buildActionMask = 2147483647;
			files = (
			);
			runOnlyForDeploymentPostprocessing = 0;
		};
		59868808234FBA09004BE004 /* Frameworks */ = {
			isa = PBXFrameworksBuildPhase;
			buildActionMask = 2147483647;
			files = (
			);
			runOnlyForDeploymentPostprocessing = 0;
		};
/* End PBXFrameworksBuildPhase section */

/* Begin PBXGroup section */
		598687DE234FBA07004BE004 = {
			isa = PBXGroup;
			children = (
				598687E9234FBA07004BE004 /* ColorPickerApp */,
				59868803234FBA09004BE004 /* ColorPickerAppTests */,
				5986880E234FBA09004BE004 /* ColorPickerAppUITests */,
				598687E8234FBA07004BE004 /* Products */,
			);
			sourceTree = "<group>";
		};
		598687E8234FBA07004BE004 /* Products */ = {
			isa = PBXGroup;
			children = (
				598687E7234FBA07004BE004 /* ColorPickerApp.app */,
				59868800234FBA09004BE004 /* ColorPickerAppTests.xctest */,
				5986880B234FBA09004BE004 /* ColorPickerAppUITests.xctest */,
			);
			name = Products;
			sourceTree = "<group>";
		};
		598687E9234FBA07004BE004 /* ColorPickerApp */ = {
			isa = PBXGroup;
			children = (
				598687EA234FBA07004BE004 /* AppDelegate.swift */,
				598687EC234FBA07004BE004 /* SceneDelegate.swift */,
				598687EE234FBA07004BE004 /* ViewController.swift */,
				598687F0234FBA07004BE004 /* Main.storyboard */,
				598687F6234FBA09004BE004 /* Assets.xcassets */,
				598687F8234FBA09004BE004 /* LaunchScreen.storyboard */,
				598687FB234FBA09004BE004 /* Info.plist */,
				598687F3234FBA07004BE004 /* ColorPickerApp.xcdatamodeld */,
			);
			path = ColorPickerApp;
			sourceTree = "<group>";
		};
		59868803234FBA09004BE004 /* ColorPickerAppTests */ = {
			isa = PBXGroup;
			children = (
				59868804234FBA09004BE004 /* ColorPickerAppTests.swift */,
				59868806234FBA09004BE004 /* Info.plist */,
			);
			path = ColorPickerAppTests;
			sourceTree = "<group>";
		};
		5986880E234FBA09004BE004 /* ColorPickerAppUITests */ = {
			isa = PBXGroup;
			children = (
				5986880F234FBA09004BE004 /* ColorPickerAppUITests.swift */,
				59868811234FBA09004BE004 /* Info.plist */,
			);
			path = ColorPickerAppUITests;
			sourceTree = "<group>";
		};
/* End PBXGroup section */

/* Begin PBXNativeTarget section */
		598687E6234FBA07004BE004 /* ColorPickerApp */ = {
			isa = PBXNativeTarget;
			buildConfigurationList = 59868814234FBA09004BE004 /* Build configuration list for PBXNativeTarget "ColorPickerApp" */;
			buildPhases = (
				598687E3234FBA07004BE004 /* Sources */,
				598687E4234FBA07004BE004 /* Frameworks */,
				598687E5234FBA07004BE004 /* Resources */,
			);
			buildRules = (
			);
			dependencies = (
			);
			name = ColorPickerApp;
			productName = ColorPickerApp;
			productReference = 598687E7234FBA07004BE004 /* ColorPickerApp.app */;
			productType = "com.apple.product-type.application";
		};
		598687FF234FBA09004BE004 /* ColorPickerAppTests */ = {
			isa = PBXNativeTarget;
			buildConfigurationList = 59868817234FBA09004BE004 /* Build configuration list for PBXNativeTarget "ColorPickerAppTests" */;
			buildPhases = (
				598687FC234FBA09004BE004 /* Sources */,
				598687FD234FBA09004BE004 /* Frameworks */,
				598687FE234FBA09004BE004 /* Resources */,
			);
			buildRules = (
			);
			dependencies = (
				59868802234FBA09004BE004 /* PBXTargetDependency */,
			);
			name = ColorPickerAppTests;
			productName = ColorPickerAppTests;
			productReference = 59868800234FBA09004BE004 /* ColorPickerAppTests.xctest */;
			productType = "com.apple.product-type.bundle.unit-test";
		};
		5986880A234FBA09004BE004 /* ColorPickerAppUITests */ = {
			isa = PBXNativeTarget;
			buildConfigurationList = 5986881A234FBA09004BE004 /* Build configuration list for PBXNativeTarget "ColorPickerAppUITests" */;
			buildPhases = (
				59868807234FBA09004BE004 /* Sources */,
				59868808234FBA09004BE004 /* Frameworks */,
				59868809234FBA09004BE004 /* Resources */,
			);
			buildRules = (
			);
			dependencies = (
				5986880D234FBA09004BE004 /* PBXTargetDependency */,
			);
			name = ColorPickerAppUITests;
			productName = ColorPickerAppUITests;
			productReference = 5986880B234FBA09004BE004 /* ColorPickerAppUITests.xctest */;
			productType = "com.apple.product-type.bundle.ui-testing";
		};
/* End PBXNativeTarget section */

/* Begin PBXProject section */
		598687DF234FBA07004BE004 /* Project object */ = {
			isa = PBXProject;
			attributes = {
				LastSwiftUpdateCheck = 1100;
				LastUpgradeCheck = 1100;
				ORGANIZATIONNAME = "James Kirkland";
				TargetAttributes = {
					598687E6234FBA07004BE004 = {
						CreatedOnToolsVersion = 11.0;
					};
					598687FF234FBA09004BE004 = {
						CreatedOnToolsVersion = 11.0;
						TestTargetID = 598687E6234FBA07004BE004;
					};
					5986880A234FBA09004BE004 = {
						CreatedOnToolsVersion = 11.0;
						TestTargetID = 598687E6234FBA07004BE004;
					};
				};
			};
			buildConfigurationList = 598687E2234FBA07004BE004 /* Build configuration list for PBXProject "ColorPickerApp" */;
			compatibilityVersion = "Xcode 9.3";
			developmentRegion = en;
			hasScannedForEncodings = 0;
			knownRegions = (
				en,
				Base,
			);
			mainGroup = 598687DE234FBA07004BE004;
			productRefGroup = 598687E8234FBA07004BE004 /* Products */;
			projectDirPath = "";
			projectRoot = "";
			targets = (
				598687E6234FBA07004BE004 /* ColorPickerApp */,
				598687FF234FBA09004BE004 /* ColorPickerAppTests */,
				5986880A234FBA09004BE004 /* ColorPickerAppUITests */,
			);
		};
/* End PBXProject section */

/* Begin PBXResourcesBuildPhase section */
		598687E5234FBA07004BE004 /* Resources */ = {
			isa = PBXResourcesBuildPhase;
			buildActionMask = 2147483647;
			files = (
				598687FA234FBA09004BE004 /* LaunchScreen.storyboard in Resources */,
				598687F7234FBA09004BE004 /* Assets.xcassets in Resources */,
				598687F2234FBA07004BE004 /* Main.storyboard in Resources */,
			);
			runOnlyForDeploymentPostprocessing = 0;
		};
		598687FE234FBA09004BE004 /* Resources */ = {
			isa = PBXResourcesBuildPhase;
			buildActionMask = 2147483647;
			files = (
			);
			runOnlyForDeploymentPostprocessing = 0;
		};
		59868809234FBA09004BE004 /* Resources */ = {
			isa = PBXResourcesBuildPhase;
			buildActionMask = 2147483647;
			files = (
			);
			runOnlyForDeploymentPostprocessing = 0;
		};
/* End PBXResourcesBuildPhase section */

/* Begin PBXSourcesBuildPhase section */
		598687E3234FBA07004BE004 /* Sources */ = {
			isa = PBXSourcesBuildPhase;
			buildActionMask = 2147483647;
			files = (
				598687EF234FBA07004BE004 /* ViewController.swift in Sources */,
				598687F5234FBA07004BE004 /* ColorPickerApp.xcdatamodeld in Sources */,
				598687EB234FBA07004BE004 /* AppDelegate.swift in Sources */,
				598687ED234FBA07004BE004 /* SceneDelegate.swift in Sources */,
			);
			runOnlyForDeploymentPostprocessing = 0;
		};
		598687FC234FBA09004BE004 /* Sources */ = {
			isa = PBXSourcesBuildPhase;
			buildActionMask = 2147483647;
			files = (
				59868805234FBA09004BE004 /* ColorPickerAppTests.swift in Sources */,
			);
			runOnlyForDeploymentPostprocessing = 0;
		};
		59868807234FBA09004BE004 /* Sources */ = {
			isa = PBXSourcesBuildPhase;
			buildActionMask = 2147483647;
			files = (
				59868810234FBA09004BE004 /* ColorPickerAppUITests.swift in Sources */,
			);
			runOnlyForDeploymentPostprocessing = 0;
		};
/* End PBXSourcesBuildPhase section */

/* Begin PBXTargetDependency section */
		59868802234FBA09004BE004 /* PBXTargetDependency */ = {
			isa = PBXTargetDependency;
			target = 598687E6234FBA07004BE004 /* ColorPickerApp */;
			targetProxy = 59868801234FBA09004BE004 /* PBXContainerItemProxy */;
		};
		5986880D234FBA09004BE004 /* PBXTargetDependency */ = {
			isa = PBXTargetDependency;
			target = 598687E6234FBA07004BE004 /* ColorPickerApp */;
			targetProxy = 5986880C234FBA09004BE004 /* PBXContainerItemProxy */;
		};
/* End PBXTargetDependency section */

/* Begin PBXVariantGroup section */
		598687F0234FBA07004BE004 /* Main.storyboard */ = {
			isa = PBXVariantGroup;
			children = (
				598687F1234FBA07004BE004 /* Base */,
			);
			name = Main.storyboard;
			sourceTree = "<group>";
		};
		598687F8234FBA09004BE004 /* LaunchScreen.storyboard */ = {
			isa = PBXVariantGroup;
			children = (
				598687F9234FBA09004BE004 /* Base */,
			);
			name = LaunchScreen.storyboard;
			sourceTree = "<group>";
		};
/* End PBXVariantGroup section */

/* Begin XCBuildConfiguration section */
		59868812234FBA09004BE004 /* Debug */ = {
			isa = XCBuildConfiguration;
			buildSettings = {
				ALWAYS_SEARCH_USER_PATHS = NO;
				CLANG_ANALYZER_NONNULL = YES;
				CLANG_ANALYZER_NUMBER_OBJECT_CONVERSION = YES_AGGRESSIVE;
				CLANG_CXX_LANGUAGE_STANDARD = "gnu++14";
				CLANG_CXX_LIBRARY = "libc++";
				CLANG_ENABLE_MODULES = YES;
				CLANG_ENABLE_OBJC_ARC = YES;
				CLANG_ENABLE_OBJC_WEAK = YES;
				CLANG_WARN_BLOCK_CAPTURE_AUTORELEASING = YES;
				CLANG_WARN_BOOL_CONVERSION = YES;
				CLANG_WARN_COMMA = YES;
				CLANG_WARN_CONSTANT_CONVERSION = YES;
				CLANG_WARN_DEPRECATED_OBJC_IMPLEMENTATIONS = YES;
				CLANG_WARN_DIRECT_OBJC_ISA_USAGE = YES_ERROR;
				CLANG_WARN_DOCUMENTATION_COMMENTS = YES;
				CLANG_WARN_EMPTY_BODY = YES;
				CLANG_WARN_ENUM_CONVERSION = YES;
				CLANG_WARN_INFINITE_RECURSION = YES;
				CLANG_WARN_INT_CONVERSION = YES;
				CLANG_WARN_NON_LITERAL_NULL_CONVERSION = YES;
				CLANG_WARN_OBJC_IMPLICIT_RETAIN_SELF = YES;
				CLANG_WARN_OBJC_LITERAL_CONVERSION = YES;
				CLANG_WARN_OBJC_ROOT_CLASS = YES_ERROR;
				CLANG_WARN_RANGE_LOOP_ANALYSIS = YES;
				CLANG_WARN_STRICT_PROTOTYPES = YES;
				CLANG_WARN_SUSPICIOUS_MOVE = YES;
				CLANG_WARN_UNGUARDED_AVAILABILITY = YES_AGGRESSIVE;
				CLANG_WARN_UNREACHABLE_CODE = YES;
				CLANG_WARN__DUPLICATE_METHOD_MATCH = YES;
				COPY_PHASE_STRIP = NO;
				DEBUG_INFORMATION_FORMAT = dwarf;
				ENABLE_STRICT_OBJC_MSGSEND = YES;
				ENABLE_TESTABILITY = YES;
				GCC_C_LANGUAGE_STANDARD = gnu11;
				GCC_DYNAMIC_NO_PIC = NO;
				GCC_NO_COMMON_BLOCKS = YES;
				GCC_OPTIMIZATION_LEVEL = 0;
				GCC_PREPROCESSOR_DEFINITIONS = (
					"DEBUG=1",
					"$(inherited)",
				);
				GCC_WARN_64_TO_32_BIT_CONVERSION = YES;
				GCC_WARN_ABOUT_RETURN_TYPE = YES_ERROR;
				GCC_WARN_UNDECLARED_SELECTOR = YES;
				GCC_WARN_UNINITIALIZED_AUTOS = YES_AGGRESSIVE;
				GCC_WARN_UNUSED_FUNCTION = YES;
				GCC_WARN_UNUSED_VARIABLE = YES;
				IPHONEOS_DEPLOYMENT_TARGET = 13.0;
				MTL_ENABLE_DEBUG_INFO = INCLUDE_SOURCE;
				MTL_FAST_MATH = YES;
				ONLY_ACTIVE_ARCH = YES;
				SDKROOT = iphoneos;
				SWIFT_ACTIVE_COMPILATION_CONDITIONS = DEBUG;
				SWIFT_OPTIMIZATION_LEVEL = "-Onone";
			};
			name = Debug;
		};
		59868813234FBA09004BE004 /* Release */ = {
			isa = XCBuildConfiguration;
			buildSettings = {
				ALWAYS_SEARCH_USER_PATHS = NO;
				CLANG_ANALYZER_NONNULL = YES;
				CLANG_ANALYZER_NUMBER_OBJECT_CONVERSION = YES_AGGRESSIVE;
				CLANG_CXX_LANGUAGE_STANDARD = "gnu++14";
				CLANG_CXX_LIBRARY = "libc++";
				CLANG_ENABLE_MODULES = YES;
				CLANG_ENABLE_OBJC_ARC = YES;
				CLANG_ENABLE_OBJC_WEAK = YES;
				CLANG_WARN_BLOCK_CAPTURE_AUTORELEASING = YES;
				CLANG_WARN_BOOL_CONVERSION = YES;
				CLANG_WARN_COMMA = YES;
				CLANG_WARN_CONSTANT_CONVERSION = YES;
				CLANG_WARN_DEPRECATED_OBJC_IMPLEMENTATIONS = YES;
				CLANG_WARN_DIRECT_OBJC_ISA_USAGE = YES_ERROR;
				CLANG_WARN_DOCUMENTATION_COMMENTS = YES;
				CLANG_WARN_EMPTY_BODY = YES;
				CLANG_WARN_ENUM_CONVERSION = YES;
				CLANG_WARN_INFINITE_RECURSION = YES;
				CLANG_WARN_INT_CONVERSION = YES;
				CLANG_WARN_NON_LITERAL_NULL_CONVERSION = YES;
				CLANG_WARN_OBJC_IMPLICIT_RETAIN_SELF = YES;
				CLANG_WARN_OBJC_LITERAL_CONVERSION = YES;
				CLANG_WARN_OBJC_ROOT_CLASS = YES_ERROR;
				CLANG_WARN_RANGE_LOOP_ANALYSIS = YES;
				CLANG_WARN_STRICT_PROTOTYPES = YES;
				CLANG_WARN_SUSPICIOUS_MOVE = YES;
				CLANG_WARN_UNGUARDED_AVAILABILITY = YES_AGGRESSIVE;
				CLANG_WARN_UNREACHABLE_CODE = YES;
				CLANG_WARN__DUPLICATE_METHOD_MATCH = YES;
				COPY_PHASE_STRIP = NO;
				DEBUG_INFORMATION_FORMAT = "dwarf-with-dsym";
				ENABLE_NS_ASSERTIONS = NO;
				ENABLE_STRICT_OBJC_MSGSEND = YES;
				GCC_C_LANGUAGE_STANDARD = gnu11;
				GCC_NO_COMMON_BLOCKS = YES;
				GCC_WARN_64_TO_32_BIT_CONVERSION = YES;
				GCC_WARN_ABOUT_RETURN_TYPE = YES_ERROR;
				GCC_WARN_UNDECLARED_SELECTOR = YES;
				GCC_WARN_UNINITIALIZED_AUTOS = YES_AGGRESSIVE;
				GCC_WARN_UNUSED_FUNCTION = YES;
				GCC_WARN_UNUSED_VARIABLE = YES;
				IPHONEOS_DEPLOYMENT_TARGET = 13.0;
				MTL_ENABLE_DEBUG_INFO = NO;
				MTL_FAST_MATH = YES;
				SDKROOT = iphoneos;
				SWIFT_COMPILATION_MODE = wholemodule;
				SWIFT_OPTIMIZATION_LEVEL = "-O";
				VALIDATE_PRODUCT = YES;
			};
			name = Release;
		};
		59868815234FBA09004BE004 /* Debug */ = {
			isa = XCBuildConfiguration;
			buildSettings = {
				ASSETCATALOG_COMPILER_APPICON_NAME = AppIcon;
				CODE_SIGN_STYLE = Automatic;
				DEVELOPMENT_TEAM = 3NTBB84GYM;
				INFOPLIST_FILE = ColorPickerApp/Info.plist;
				LD_RUNPATH_SEARCH_PATHS = (
					"$(inherited)",
					"@executable_path/Frameworks",
				);
				PRODUCT_BUNDLE_IDENTIFIER = MU.ColorPickerApp;
				PRODUCT_NAME = "$(TARGET_NAME)";
				SWIFT_VERSION = 5.0;
				TARGETED_DEVICE_FAMILY = "1,2";
			};
			name = Debug;
		};
		59868816234FBA09004BE004 /* Release */ = {
			isa = XCBuildConfiguration;
			buildSettings = {
				ASSETCATALOG_COMPILER_APPICON_NAME = AppIcon;
				CODE_SIGN_STYLE = Automatic;
				DEVELOPMENT_TEAM = 3NTBB84GYM;
				INFOPLIST_FILE = ColorPickerApp/Info.plist;
				LD_RUNPATH_SEARCH_PATHS = (
					"$(inherited)",
					"@executable_path/Frameworks",
				);
				PRODUCT_BUNDLE_IDENTIFIER = MU.ColorPickerApp;
				PRODUCT_NAME = "$(TARGET_NAME)";
				SWIFT_VERSION = 5.0;
				TARGETED_DEVICE_FAMILY = "1,2";
			};
			name = Release;
		};
		59868818234FBA09004BE004 /* Debug */ = {
			isa = XCBuildConfiguration;
			buildSettings = {
				ALWAYS_EMBED_SWIFT_STANDARD_LIBRARIES = YES;
				BUNDLE_LOADER = "$(TEST_HOST)";
				CODE_SIGN_STYLE = Automatic;
				DEVELOPMENT_TEAM = 3NTBB84GYM;
				INFOPLIST_FILE = ColorPickerAppTests/Info.plist;
				IPHONEOS_DEPLOYMENT_TARGET = 13.0;
				LD_RUNPATH_SEARCH_PATHS = (
					"$(inherited)",
					"@executable_path/Frameworks",
					"@loader_path/Frameworks",
				);
				PRODUCT_BUNDLE_IDENTIFIER = MU.ColorPickerAppTests;
				PRODUCT_NAME = "$(TARGET_NAME)";
				SWIFT_VERSION = 5.0;
				TARGETED_DEVICE_FAMILY = "1,2";
				TEST_HOST = "$(BUILT_PRODUCTS_DIR)/ColorPickerApp.app/ColorPickerApp";
			};
			name = Debug;
		};
		59868819234FBA09004BE004 /* Release */ = {
			isa = XCBuildConfiguration;
			buildSettings = {
				ALWAYS_EMBED_SWIFT_STANDARD_LIBRARIES = YES;
				BUNDLE_LOADER = "$(TEST_HOST)";
				CODE_SIGN_STYLE = Automatic;
				DEVELOPMENT_TEAM = 3NTBB84GYM;
				INFOPLIST_FILE = ColorPickerAppTests/Info.plist;
				IPHONEOS_DEPLOYMENT_TARGET = 13.0;
				LD_RUNPATH_SEARCH_PATHS = (
					"$(inherited)",
					"@executable_path/Frameworks",
					"@loader_path/Frameworks",
				);
				PRODUCT_BUNDLE_IDENTIFIER = MU.ColorPickerAppTests;
				PRODUCT_NAME = "$(TARGET_NAME)";
				SWIFT_VERSION = 5.0;
				TARGETED_DEVICE_FAMILY = "1,2";
				TEST_HOST = "$(BUILT_PRODUCTS_DIR)/ColorPickerApp.app/ColorPickerApp";
			};
			name = Release;
		};
		5986881B234FBA09004BE004 /* Debug */ = {
			isa = XCBuildConfiguration;
			buildSettings = {
				ALWAYS_EMBED_SWIFT_STANDARD_LIBRARIES = YES;
				CODE_SIGN_STYLE = Automatic;
				DEVELOPMENT_TEAM = 3NTBB84GYM;
				INFOPLIST_FILE = ColorPickerAppUITests/Info.plist;
				LD_RUNPATH_SEARCH_PATHS = (
					"$(inherited)",
					"@executable_path/Frameworks",
					"@loader_path/Frameworks",
				);
				PRODUCT_BUNDLE_IDENTIFIER = MU.ColorPickerAppUITests;
				PRODUCT_NAME = "$(TARGET_NAME)";
				SWIFT_VERSION = 5.0;
				TARGETED_DEVICE_FAMILY = "1,2";
				TEST_TARGET_NAME = ColorPickerApp;
			};
			name = Debug;
		};
		5986881C234FBA09004BE004 /* Release */ = {
			isa = XCBuildConfiguration;
			buildSettings = {
				ALWAYS_EMBED_SWIFT_STANDARD_LIBRARIES = YES;
				CODE_SIGN_STYLE = Automatic;
				DEVELOPMENT_TEAM = 3NTBB84GYM;
				INFOPLIST_FILE = ColorPickerAppUITests/Info.plist;
				LD_RUNPATH_SEARCH_PATHS = (
					"$(inherited)",
					"@executable_path/Frameworks",
					"@loader_path/Frameworks",
				);
				PRODUCT_BUNDLE_IDENTIFIER = MU.ColorPickerAppUITests;
				PRODUCT_NAME = "$(TARGET_NAME)";
				SWIFT_VERSION = 5.0;
				TARGETED_DEVICE_FAMILY = "1,2";
				TEST_TARGET_NAME = ColorPickerApp;
			};
			name = Release;
		};
/* End XCBuildConfiguration section */

/* Begin XCConfigurationList section */
		598687E2234FBA07004BE004 /* Build configuration list for PBXProject "ColorPickerApp" */ = {
			isa = XCConfigurationList;
			buildConfigurations = (
				59868812234FBA09004BE004 /* Debug */,
				59868813234FBA09004BE004 /* Release */,
			);
			defaultConfigurationIsVisible = 0;
			defaultConfigurationName = Release;
		};
		59868814234FBA09004BE004 /* Build configuration list for PBXNativeTarget "ColorPickerApp" */ = {
			isa = XCConfigurationList;
			buildConfigurations = (
				59868815234FBA09004BE004 /* Debug */,
				59868816234FBA09004BE004 /* Release */,
			);
			defaultConfigurationIsVisible = 0;
			defaultConfigurationName = Release;
		};
		59868817234FBA09004BE004 /* Build configuration list for PBXNativeTarget "ColorPickerAppTests" */ = {
			isa = XCConfigurationList;
			buildConfigurations = (
				59868818234FBA09004BE004 /* Debug */,
				59868819234FBA09004BE004 /* Release */,
			);
			defaultConfigurationIsVisible = 0;
			defaultConfigurationName = Release;
		};
		5986881A234FBA09004BE004 /* Build configuration list for PBXNativeTarget "ColorPickerAppUITests" */ = {
			isa = XCConfigurationList;
			buildConfigurations = (
				5986881B234FBA09004BE004 /* Debug */,
				5986881C234FBA09004BE004 /* Release */,
			);
			defaultConfigurationIsVisible = 0;
			defaultConfigurationName = Release;
		};
/* End XCConfigurationList section */

/* Begin XCVersionGroup section */
		598687F3234FBA07004BE004 /* ColorPickerApp.xcdatamodeld */ = {
			isa = XCVersionGroup;
			children = (
				598687F4234FBA07004BE004 /* ColorPickerApp.xcdatamodel */,
			);
			currentVersion = 598687F4234FBA07004BE004 /* ColorPickerApp.xcdatamodel */;
			path = ColorPickerApp.xcdatamodeld;
			sourceTree = "<group>";
			versionGroupType = wrapper.xcdatamodel;
		};
/* End XCVersionGroup section */
	};
	rootObject = 598687DF234FBA07004BE004 /* Project object */;
}
